
Microsoft Visual Studio Solution File, Format Version 12.00
# Visual Studio Version 17
VisualStudioVersion = 17.0.32112.339
MinimumVisualStudioVersion = 10.0.40219.1
Project("{FAE04EC0-301F-11D3-BF4B-00C04F79EFBC}") = "Tetris", "Tetris.csproj", "{D9183538-1AF2-4ED5-83B0-63AA07A1445B}"
EndProject
Global
	GlobalSection(SolutionConfigurationPlatforms) = preSolution
		Debug|Any CPU = Debug|Any CPU
		Release|Any CPU = Release|Any CPU
	EndGlobalSection
	GlobalSection(ProjectConfigurationPlatforms) = postSolution
		{D9183538-1AF2-4ED5-83B0-63AA07A1445B}.Debug|Any CPU.ActiveCfg = Debug|Any CPU
		{D9183538-1AF2-4ED5-83B0-63AA07A1445B}.Debug|Any CPU.Build.0 = Debug|Any CPU
		{D9183538-1AF2-4ED5-83B0-63AA07A1445B}.Release|Any CPU.ActiveCfg = Release|Any CPU
		{D9183538-1AF2-4ED5-83B0-63AA07A1445B}.Release|Any CPU.Build.0 = Release|Any CPU
	EndGlobalSection
	GlobalSection(SolutionProperties) = preSolution
		HideSolutionNode = FALSE
	EndGlobalSection
	GlobalSection(ExtensibilityGlobals) = postSolution
		SolutionGuid = {2FFDED7E-84F4-44A4-850B-F0DC1613F176}
	EndGlobalSection
EndGlobal
